// !$*UTF8*$!
{
	archiveVersion = 1;
	classes = {
	};
	objectVersion = 50;
	objects = {

/* Begin PBXBuildFile section */
		BED6559D27B4C91500AF0471 /* Pokemon WatchKit App.app in Embed Watch Content */ = {isa = PBXBuildFile; fileRef = BED6559C27B4C91500AF0471 /* Pokemon WatchKit App.app */; settings = {ATTRIBUTES = (RemoveHeadersOnCopy, ); }; };
		BED655A227B4C91F00AF0471 /* Assets.xcassets in Resources */ = {isa = PBXBuildFile; fileRef = BED655A127B4C91F00AF0471 /* Assets.xcassets */; };
		BED655A927B4C91F00AF0471 /* Pokemon WatchKit Extension.appex in Embed App Extensions */ = {isa = PBXBuildFile; fileRef = BED655A827B4C91F00AF0471 /* Pokemon WatchKit Extension.appex */; settings = {ATTRIBUTES = (RemoveHeadersOnCopy, ); }; };
		BED655AE27B4C91F00AF0471 /* PokemonApp.swift in Sources */ = {isa = PBXBuildFile; fileRef = BED655AD27B4C91F00AF0471 /* PokemonApp.swift */; };
		BED655B027B4C91F00AF0471 /* ContentView.swift in Sources */ = {isa = PBXBuildFile; fileRef = BED655AF27B4C91F00AF0471 /* ContentView.swift */; };
		BED655B227B4C91F00AF0471 /* NotificationController.swift in Sources */ = {isa = PBXBuildFile; fileRef = BED655B127B4C91F00AF0471 /* NotificationController.swift */; };
		BED655B427B4C91F00AF0471 /* NotificationView.swift in Sources */ = {isa = PBXBuildFile; fileRef = BED655B327B4C91F00AF0471 /* NotificationView.swift */; };
		BED655B627B4C91F00AF0471 /* ComplicationController.swift in Sources */ = {isa = PBXBuildFile; fileRef = BED655B527B4C91F00AF0471 /* ComplicationController.swift */; };
		BED655B827B4C92A00AF0471 /* Assets.xcassets in Resources */ = {isa = PBXBuildFile; fileRef = BED655B727B4C92A00AF0471 /* Assets.xcassets */; };
		BED655BB27B4C92A00AF0471 /* Preview Assets.xcassets in Resources */ = {isa = PBXBuildFile; fileRef = BED655BA27B4C92A00AF0471 /* Preview Assets.xcassets */; };
/* End PBXBuildFile section */

/* Begin PBXContainerItemProxy section */
		BED6559E27B4C91500AF0471 /* PBXContainerItemProxy */ = {
			isa = PBXContainerItemProxy;
			containerPortal = BED6559227B4C91400AF0471 /* Project object */;
			proxyType = 1;
			remoteGlobalIDString = BED6559B27B4C91500AF0471;
			remoteInfo = "Pokemon WatchKit App";
		};
		BED655AA27B4C91F00AF0471 /* PBXContainerItemProxy */ = {
			isa = PBXContainerItemProxy;
			containerPortal = BED6559227B4C91400AF0471 /* Project object */;
			proxyType = 1;
			remoteGlobalIDString = BED655A727B4C91F00AF0471;
			remoteInfo = "Pokemon WatchKit Extension";
		};
/* End PBXContainerItemProxy section */

/* Begin PBXCopyFilesBuildPhase section */
		BED655C327B4C92B00AF0471 /* Embed App Extensions */ = {
			isa = PBXCopyFilesBuildPhase;
			buildActionMask = 2147483647;
			dstPath = "";
			dstSubfolderSpec = 13;
			files = (
				BED655A927B4C91F00AF0471 /* Pokemon WatchKit Extension.appex in Embed App Extensions */,
			);
			name = "Embed App Extensions";
			runOnlyForDeploymentPostprocessing = 0;
		};
		BED655C727B4C92B00AF0471 /* Embed Watch Content */ = {
			isa = PBXCopyFilesBuildPhase;
			buildActionMask = 2147483647;
			dstPath = "$(CONTENTS_FOLDER_PATH)/Watch";
			dstSubfolderSpec = 16;
			files = (
				BED6559D27B4C91500AF0471 /* Pokemon WatchKit App.app in Embed Watch Content */,
			);
			name = "Embed Watch Content";
			runOnlyForDeploymentPostprocessing = 0;
		};
/* End PBXCopyFilesBuildPhase section */

/* Begin PBXFileReference section */
		BED6559827B4C91400AF0471 /* Pokemon.app */ = {isa = PBXFileReference; explicitFileType = wrapper.application; includeInIndex = 0; path = Pokemon.app; sourceTree = BUILT_PRODUCTS_DIR; };
		BED6559C27B4C91500AF0471 /* Pokemon WatchKit App.app */ = {isa = PBXFileReference; explicitFileType = wrapper.application; includeInIndex = 0; path = "Pokemon WatchKit App.app"; sourceTree = BUILT_PRODUCTS_DIR; };
		BED655A127B4C91F00AF0471 /* Assets.xcassets */ = {isa = PBXFileReference; lastKnownFileType = folder.assetcatalog; path = Assets.xcassets; sourceTree = "<group>"; };
		BED655A327B4C91F00AF0471 /* Info.plist */ = {isa = PBXFileReference; lastKnownFileType = text.plist.xml; path = Info.plist; sourceTree = "<group>"; };
		BED655A827B4C91F00AF0471 /* Pokemon WatchKit Extension.appex */ = {isa = PBXFileReference; explicitFileType = "wrapper.app-extension"; includeInIndex = 0; path = "Pokemon WatchKit Extension.appex"; sourceTree = BUILT_PRODUCTS_DIR; };
		BED655AD27B4C91F00AF0471 /* PokemonApp.swift */ = {isa = PBXFileReference; lastKnownFileType = sourcecode.swift; path = PokemonApp.swift; sourceTree = "<group>"; };
		BED655AF27B4C91F00AF0471 /* ContentView.swift */ = {isa = PBXFileReference; lastKnownFileType = sourcecode.swift; path = ContentView.swift; sourceTree = "<group>"; };
		BED655B127B4C91F00AF0471 /* NotificationController.swift */ = {isa = PBXFileReference; lastKnownFileType = sourcecode.swift; path = NotificationController.swift; sourceTree = "<group>"; };
		BED655B327B4C91F00AF0471 /* NotificationView.swift */ = {isa = PBXFileReference; lastKnownFileType = sourcecode.swift; path = NotificationView.swift; sourceTree = "<group>"; };
		BED655B527B4C91F00AF0471 /* ComplicationController.swift */ = {isa = PBXFileReference; lastKnownFileType = sourcecode.swift; path = ComplicationController.swift; sourceTree = "<group>"; };
		BED655B727B4C92A00AF0471 /* Assets.xcassets */ = {isa = PBXFileReference; lastKnownFileType = folder.assetcatalog; path = Assets.xcassets; sourceTree = "<group>"; };
		BED655BA27B4C92A00AF0471 /* Preview Assets.xcassets */ = {isa = PBXFileReference; lastKnownFileType = folder.assetcatalog; path = "Preview Assets.xcassets"; sourceTree = "<group>"; };
		BED655BC27B4C92A00AF0471 /* Info.plist */ = {isa = PBXFileReference; lastKnownFileType = text.plist.xml; path = Info.plist; sourceTree = "<group>"; };
		BED655BD27B4C92B00AF0471 /* PushNotificationPayload.apns */ = {isa = PBXFileReference; lastKnownFileType = text; path = PushNotificationPayload.apns; sourceTree = "<group>"; };
/* End PBXFileReference section */

/* Begin PBXFrameworksBuildPhase section */
		BED655A527B4C91F00AF0471 /* Frameworks */ = {
			isa = PBXFrameworksBuildPhase;
			buildActionMask = 2147483647;
			files = (
			);
			runOnlyForDeploymentPostprocessing = 0;
		};
/* End PBXFrameworksBuildPhase section */

/* Begin PBXGroup section */
		BED6559127B4C91400AF0471 = {
			isa = PBXGroup;
			children = (
				BED655A027B4C91500AF0471 /* Pokemon WatchKit App */,
				BED655AC27B4C91F00AF0471 /* Pokemon WatchKit Extension */,
				BED6559927B4C91400AF0471 /* Products */,
			);
			sourceTree = "<group>";
		};
		BED6559927B4C91400AF0471 /* Products */ = {
			isa = PBXGroup;
			children = (
				BED6559827B4C91400AF0471 /* Pokemon.app */,
				BED6559C27B4C91500AF0471 /* Pokemon WatchKit App.app */,
				BED655A827B4C91F00AF0471 /* Pokemon WatchKit Extension.appex */,
			);
			name = Products;
			sourceTree = "<group>";
		};
		BED655A027B4C91500AF0471 /* Pokemon WatchKit App */ = {
			isa = PBXGroup;
			children = (
				BED655A127B4C91F00AF0471 /* Assets.xcassets */,
				BED655A327B4C91F00AF0471 /* Info.plist */,
			);
			path = "Pokemon WatchKit App";
			sourceTree = "<group>";
		};
		BED655AC27B4C91F00AF0471 /* Pokemon WatchKit Extension */ = {
			isa = PBXGroup;
			children = (
				BED655AD27B4C91F00AF0471 /* PokemonApp.swift */,
				BED655AF27B4C91F00AF0471 /* ContentView.swift */,
				BED655B127B4C91F00AF0471 /* NotificationController.swift */,
				BED655B327B4C91F00AF0471 /* NotificationView.swift */,
				BED655B527B4C91F00AF0471 /* ComplicationController.swift */,
				BED655B727B4C92A00AF0471 /* Assets.xcassets */,
				BED655BC27B4C92A00AF0471 /* Info.plist */,
				BED655BD27B4C92B00AF0471 /* PushNotificationPayload.apns */,
				BED655B927B4C92A00AF0471 /* Preview Content */,
			);
			path = "Pokemon WatchKit Extension";
			sourceTree = "<group>";
		};
		BED655B927B4C92A00AF0471 /* Preview Content */ = {
			isa = PBXGroup;
			children = (
				BED655BA27B4C92A00AF0471 /* Preview Assets.xcassets */,
			);
			path = "Preview Content";
			sourceTree = "<group>";
		};
/* End PBXGroup section */

/* Begin PBXNativeTarget section */
		BED6559727B4C91400AF0471 /* Pokemon */ = {
			isa = PBXNativeTarget;
			buildConfigurationList = BED655C827B4C92B00AF0471 /* Build configuration list for PBXNativeTarget "Pokemon" */;
			buildPhases = (
				BED6559627B4C91400AF0471 /* Resources */,
				BED655C727B4C92B00AF0471 /* Embed Watch Content */,
			);
			buildRules = (
			);
			dependencies = (
				BED6559F27B4C91500AF0471 /* PBXTargetDependency */,
			);
			name = Pokemon;
			productName = Pokemon;
			productReference = BED6559827B4C91400AF0471 /* Pokemon.app */;
			productType = "com.apple.product-type.application.watchapp2-container";
		};
		BED6559B27B4C91500AF0471 /* Pokemon WatchKit App */ = {
			isa = PBXNativeTarget;
			buildConfigurationList = BED655C427B4C92B00AF0471 /* Build configuration list for PBXNativeTarget "Pokemon WatchKit App" */;
			buildPhases = (
				BED6559A27B4C91500AF0471 /* Resources */,
				BED655C327B4C92B00AF0471 /* Embed App Extensions */,
			);
			buildRules = (
			);
			dependencies = (
				BED655AB27B4C91F00AF0471 /* PBXTargetDependency */,
			);
			name = "Pokemon WatchKit App";
			productName = "Pokemon WatchKit App";
			productReference = BED6559C27B4C91500AF0471 /* Pokemon WatchKit App.app */;
			productType = "com.apple.product-type.application.watchapp2";
		};
		BED655A727B4C91F00AF0471 /* Pokemon WatchKit Extension */ = {
			isa = PBXNativeTarget;
			buildConfigurationList = BED655C027B4C92B00AF0471 /* Build configuration list for PBXNativeTarget "Pokemon WatchKit Extension" */;
			buildPhases = (
				BED655A427B4C91F00AF0471 /* Sources */,
				BED655A527B4C91F00AF0471 /* Frameworks */,
				BED655A627B4C91F00AF0471 /* Resources */,
			);
			buildRules = (
			);
			dependencies = (
			);
			name = "Pokemon WatchKit Extension";
			productName = "Pokemon WatchKit Extension";
			productReference = BED655A827B4C91F00AF0471 /* Pokemon WatchKit Extension.appex */;
			productType = "com.apple.product-type.watchkit2-extension";
		};
/* End PBXNativeTarget section */

/* Begin PBXProject section */
		BED6559227B4C91400AF0471 /* Project object */ = {
			isa = PBXProject;
			attributes = {
				LastSwiftUpdateCheck = 1200;
				LastUpgradeCheck = 1200;
				TargetAttributes = {
					BED6559727B4C91400AF0471 = {
						CreatedOnToolsVersion = 12.0.1;
					};
					BED6559B27B4C91500AF0471 = {
						CreatedOnToolsVersion = 12.0.1;
					};
					BED655A727B4C91F00AF0471 = {
						CreatedOnToolsVersion = 12.0.1;
					};
				};
			};
			buildConfigurationList = BED6559527B4C91400AF0471 /* Build configuration list for PBXProject "Pokemon" */;
			compatibilityVersion = "Xcode 9.3";
			developmentRegion = en;
			hasScannedForEncodings = 0;
			knownRegions = (
				en,
				Base,
			);
			mainGroup = BED6559127B4C91400AF0471;
			productRefGroup = BED6559927B4C91400AF0471 /* Products */;
			projectDirPath = "";
			projectRoot = "";
			targets = (
				BED6559727B4C91400AF0471 /* Pokemon */,
				BED6559B27B4C91500AF0471 /* Pokemon WatchKit App */,
				BED655A727B4C91F00AF0471 /* Pokemon WatchKit Extension */,
			);
		};
/* End PBXProject section */

/* Begin PBXResourcesBuildPhase section */
		BED6559627B4C91400AF0471 /* Resources */ = {
			isa = PBXResourcesBuildPhase;
			buildActionMask = 2147483647;
			files = (
			);
			runOnlyForDeploymentPostprocessing = 0;
		};
		BED6559A27B4C91500AF0471 /* Resources */ = {
			isa = PBXResourcesBuildPhase;
			buildActionMask = 2147483647;
			files = (
				BED655A227B4C91F00AF0471 /* Assets.xcassets in Resources */,
			);
			runOnlyForDeploymentPostprocessing = 0;
		};
		BED655A627B4C91F00AF0471 /* Resources */ = {
			isa = PBXResourcesBuildPhase;
			buildActionMask = 2147483647;
			files = (
				BED655BB27B4C92A00AF0471 /* Preview Assets.xcassets in Resources */,
				BED655B827B4C92A00AF0471 /* Assets.xcassets in Resources */,
			);
			runOnlyForDeploymentPostprocessing = 0;
		};
/* End PBXResourcesBuildPhase section */

/* Begin PBXSourcesBuildPhase section */
		BED655A427B4C91F00AF0471 /* Sources */ = {
			isa = PBXSourcesBuildPhase;
			buildActionMask = 2147483647;
			files = (
				BED655B227B4C91F00AF0471 /* NotificationController.swift in Sources */,
				BED655B027B4C91F00AF0471 /* ContentView.swift in Sources */,
				BED655B627B4C91F00AF0471 /* ComplicationController.swift in Sources */,
				BED655AE27B4C91F00AF0471 /* PokemonApp.swift in Sources */,
				BED655B427B4C91F00AF0471 /* NotificationView.swift in Sources */,
			);
			runOnlyForDeploymentPostprocessing = 0;
		};
/* End PBXSourcesBuildPhase section */

/* Begin PBXTargetDependency section */
		BED6559F27B4C91500AF0471 /* PBXTargetDependency */ = {
			isa = PBXTargetDependency;
			target = BED6559B27B4C91500AF0471 /* Pokemon WatchKit App */;
			targetProxy = BED6559E27B4C91500AF0471 /* PBXContainerItemProxy */;
		};
		BED655AB27B4C91F00AF0471 /* PBXTargetDependency */ = {
			isa = PBXTargetDependency;
			target = BED655A727B4C91F00AF0471 /* Pokemon WatchKit Extension */;
			targetProxy = BED655AA27B4C91F00AF0471 /* PBXContainerItemProxy */;
		};
/* End PBXTargetDependency section */

/* Begin XCBuildConfiguration section */
		BED655BE27B4C92B00AF0471 /* Debug */ = {
			isa = XCBuildConfiguration;
			buildSettings = {
				ALWAYS_SEARCH_USER_PATHS = NO;
				CLANG_ANALYZER_NONNULL = YES;
				CLANG_ANALYZER_NUMBER_OBJECT_CONVERSION = YES_AGGRESSIVE;
				CLANG_CXX_LANGUAGE_STANDARD = "gnu++14";
				CLANG_CXX_LIBRARY = "libc++";
				CLANG_ENABLE_MODULES = YES;
				CLANG_ENABLE_OBJC_ARC = YES;
				CLANG_ENABLE_OBJC_WEAK = YES;
				CLANG_WARN_BLOCK_CAPTURE_AUTORELEASING = YES;
				CLANG_WARN_BOOL_CONVERSION = YES;
				CLANG_WARN_COMMA = YES;
				CLANG_WARN_CONSTANT_CONVERSION = YES;
				CLANG_WARN_DEPRECATED_OBJC_IMPLEMENTATIONS = YES;
				CLANG_WARN_DIRECT_OBJC_ISA_USAGE = YES_ERROR;
				CLANG_WARN_DOCUMENTATION_COMMENTS = YES;
				CLANG_WARN_EMPTY_BODY = YES;
				CLANG_WARN_ENUM_CONVERSION = YES;
				CLANG_WARN_INFINITE_RECURSION = YES;
				CLANG_WARN_INT_CONVERSION = YES;
				CLANG_WARN_NON_LITERAL_NULL_CONVERSION = YES;
				CLANG_WARN_OBJC_IMPLICIT_RETAIN_SELF = YES;
				CLANG_WARN_OBJC_LITERAL_CONVERSION = YES;
				CLANG_WARN_OBJC_ROOT_CLASS = YES_ERROR;
				CLANG_WARN_QUOTED_INCLUDE_IN_FRAMEWORK_HEADER = YES;
				CLANG_WARN_RANGE_LOOP_ANALYSIS = YES;
				CLANG_WARN_STRICT_PROTOTYPES = YES;
				CLANG_WARN_SUSPICIOUS_MOVE = YES;
				CLANG_WARN_UNGUARDED_AVAILABILITY = YES_AGGRESSIVE;
				CLANG_WARN_UNREACHABLE_CODE = YES;
				CLANG_WARN__DUPLICATE_METHOD_MATCH = YES;
				COPY_PHASE_STRIP = NO;
				DEBUG_INFORMATION_FORMAT = dwarf;
				ENABLE_STRICT_OBJC_MSGSEND = YES;
				ENABLE_TESTABILITY = YES;
				GCC_C_LANGUAGE_STANDARD = gnu11;
				GCC_DYNAMIC_NO_PIC = NO;
				GCC_NO_COMMON_BLOCKS = YES;
				GCC_OPTIMIZATION_LEVEL = 0;
				GCC_PREPROCESSOR_DEFINITIONS = (
					"DEBUG=1",
					"$(inherited)",
				);
				GCC_WARN_64_TO_32_BIT_CONVERSION = YES;
				GCC_WARN_ABOUT_RETURN_TYPE = YES_ERROR;
				GCC_WARN_UNDECLARED_SELECTOR = YES;
				GCC_WARN_UNINITIALIZED_AUTOS = YES_AGGRESSIVE;
				GCC_WARN_UNUSED_FUNCTION = YES;
				GCC_WARN_UNUSED_VARIABLE = YES;
				MTL_ENABLE_DEBUG_INFO = INCLUDE_SOURCE;
				MTL_FAST_MATH = YES;
				ONLY_ACTIVE_ARCH = YES;
				SDKROOT = iphoneos;
				SWIFT_ACTIVE_COMPILATION_CONDITIONS = DEBUG;
				SWIFT_OPTIMIZATION_LEVEL = "-Onone";
			};
			name = Debug;
		};
		BED655BF27B4C92B00AF0471 /* Release */ = {
			isa = XCBuildConfiguration;
			buildSettings = {
				ALWAYS_SEARCH_USER_PATHS = NO;
				CLANG_ANALYZER_NONNULL = YES;
				CLANG_ANALYZER_NUMBER_OBJECT_CONVERSION = YES_AGGRESSIVE;
				CLANG_CXX_LANGUAGE_STANDARD = "gnu++14";
				CLANG_CXX_LIBRARY = "libc++";
				CLANG_ENABLE_MODULES = YES;
				CLANG_ENABLE_OBJC_ARC = YES;
				CLANG_ENABLE_OBJC_WEAK = YES;
				CLANG_WARN_BLOCK_CAPTURE_AUTORELEASING = YES;
				CLANG_WARN_BOOL_CONVERSION = YES;
				CLANG_WARN_COMMA = YES;
				CLANG_WARN_CONSTANT_CONVERSION = YES;
				CLANG_WARN_DEPRECATED_OBJC_IMPLEMENTATIONS = YES;
				CLANG_WARN_DIRECT_OBJC_ISA_USAGE = YES_ERROR;
				CLANG_WARN_DOCUMENTATION_COMMENTS = YES;
				CLANG_WARN_EMPTY_BODY = YES;
				CLANG_WARN_ENUM_CONVERSION = YES;
				CLANG_WARN_INFINITE_RECURSION = YES;
				CLANG_WARN_INT_CONVERSION = YES;
				CLANG_WARN_NON_LITERAL_NULL_CONVERSION = YES;
				CLANG_WARN_OBJC_IMPLICIT_RETAIN_SELF = YES;
				CLANG_WARN_OBJC_LITERAL_CONVERSION = YES;
				CLANG_WARN_OBJC_ROOT_CLASS = YES_ERROR;
				CLANG_WARN_QUOTED_INCLUDE_IN_FRAMEWORK_HEADER = YES;
				CLANG_WARN_RANGE_LOOP_ANALYSIS = YES;
				CLANG_WARN_STRICT_PROTOTYPES = YES;
				CLANG_WARN_SUSPICIOUS_MOVE = YES;
				CLANG_WARN_UNGUARDED_AVAILABILITY = YES_AGGRESSIVE;
				CLANG_WARN_UNREACHABLE_CODE = YES;
				CLANG_WARN__DUPLICATE_METHOD_MATCH = YES;
				COPY_PHASE_STRIP = NO;
				DEBUG_INFORMATION_FORMAT = "dwarf-with-dsym";
				ENABLE_NS_ASSERTIONS = NO;
				ENABLE_STRICT_OBJC_MSGSEND = YES;
				GCC_C_LANGUAGE_STANDARD = gnu11;
				GCC_NO_COMMON_BLOCKS = YES;
				GCC_WARN_64_TO_32_BIT_CONVERSION = YES;
				GCC_WARN_ABOUT_RETURN_TYPE = YES_ERROR;
				GCC_WARN_UNDECLARED_SELECTOR = YES;
				GCC_WARN_UNINITIALIZED_AUTOS = YES_AGGRESSIVE;
				GCC_WARN_UNUSED_FUNCTION = YES;
				GCC_WARN_UNUSED_VARIABLE = YES;
				MTL_ENABLE_DEBUG_INFO = NO;
				MTL_FAST_MATH = YES;
				SDKROOT = iphoneos;
				SWIFT_COMPILATION_MODE = wholemodule;
				SWIFT_OPTIMIZATION_LEVEL = "-O";
				VALIDATE_PRODUCT = YES;
			};
			name = Release;
		};
		BED655C127B4C92B00AF0471 /* Debug */ = {
			isa = XCBuildConfiguration;
			buildSettings = {
				ASSETCATALOG_COMPILER_COMPLICATION_NAME = Complication;
				CODE_SIGN_STYLE = Automatic;
				DEVELOPMENT_ASSET_PATHS = "\"Pokemon WatchKit Extension/Preview Content\"";
				DEVELOPMENT_TEAM = 9L72R3R592;
				ENABLE_PREVIEWS = YES;
				INFOPLIST_FILE = "Pokemon WatchKit Extension/Info.plist";
				LD_RUNPATH_SEARCH_PATHS = (
					"$(inherited)",
					"@executable_path/Frameworks",
					"@executable_path/../../Frameworks",
				);
				PRODUCT_BUNDLE_IDENTIFIER = com.prabhatgaurav.Pokemon.watchkitapp.watchkitextension;
				PRODUCT_NAME = "${TARGET_NAME}";
				SDKROOT = watchos;
				SKIP_INSTALL = YES;
				SWIFT_VERSION = 5.0;
				TARGETED_DEVICE_FAMILY = 4;
				WATCHOS_DEPLOYMENT_TARGET = 7.0;
			};
			name = Debug;
		};
		BED655C227B4C92B00AF0471 /* Release */ = {
			isa = XCBuildConfiguration;
			buildSettings = {
				ASSETCATALOG_COMPILER_COMPLICATION_NAME = Complication;
				CODE_SIGN_STYLE = Automatic;
				DEVELOPMENT_ASSET_PATHS = "\"Pokemon WatchKit Extension/Preview Content\"";
				DEVELOPMENT_TEAM = 9L72R3R592;
				ENABLE_PREVIEWS = YES;
				INFOPLIST_FILE = "Pokemon WatchKit Extension/Info.plist";
				LD_RUNPATH_SEARCH_PATHS = (
					"$(inherited)",
					"@executable_path/Frameworks",
					"@executable_path/../../Frameworks",
				);
				PRODUCT_BUNDLE_IDENTIFIER = com.prabhatgaurav.Pokemon.watchkitapp.watchkitextension;
				PRODUCT_NAME = "${TARGET_NAME}";
				SDKROOT = watchos;
				SKIP_INSTALL = YES;
				SWIFT_VERSION = 5.0;
				TARGETED_DEVICE_FAMILY = 4;
				WATCHOS_DEPLOYMENT_TARGET = 7.0;
			};
			name = Release;
		};
		BED655C527B4C92B00AF0471 /* Debug */ = {
			isa = XCBuildConfiguration;
			buildSettings = {
				ALWAYS_EMBED_SWIFT_STANDARD_LIBRARIES = YES;
				ASSETCATALOG_COMPILER_APPICON_NAME = AppIcon;
				ASSETCATALOG_COMPILER_GLOBAL_ACCENT_COLOR_NAME = AccentColor;
				CODE_SIGN_STYLE = Automatic;
				DEVELOPMENT_TEAM = 9L72R3R592;
				IBSC_MODULE = Pokemon_WatchKit_Extension;
				INFOPLIST_FILE = "Pokemon WatchKit App/Info.plist";
				PRODUCT_BUNDLE_IDENTIFIER = com.prabhatgaurav.Pokemon.watchkitapp;
				PRODUCT_NAME = "$(TARGET_NAME)";
				SDKROOT = watchos;
				SKIP_INSTALL = YES;
				SWIFT_VERSION = 5.0;
				TARGETED_DEVICE_FAMILY = 4;
				WATCHOS_DEPLOYMENT_TARGET = 7.0;
			};
			name = Debug;
		};
		BED655C627B4C92B00AF0471 /* Release */ = {
			isa = XCBuildConfiguration;
			buildSettings = {
				ALWAYS_EMBED_SWIFT_STANDARD_LIBRARIES = YES;
				ASSETCATALOG_COMPILER_APPICON_NAME = AppIcon;
				ASSETCATALOG_COMPILER_GLOBAL_ACCENT_COLOR_NAME = AccentColor;
				CODE_SIGN_STYLE = Automatic;
				DEVELOPMENT_TEAM = 9L72R3R592;
				IBSC_MODULE = Pokemon_WatchKit_Extension;
				INFOPLIST_FILE = "Pokemon WatchKit App/Info.plist";
				PRODUCT_BUNDLE_IDENTIFIER = com.prabhatgaurav.Pokemon.watchkitapp;
				PRODUCT_NAME = "$(TARGET_NAME)";
				SDKROOT = watchos;
				SKIP_INSTALL = YES;
				SWIFT_VERSION = 5.0;
				TARGETED_DEVICE_FAMILY = 4;
				WATCHOS_DEPLOYMENT_TARGET = 7.0;
			};
			name = Release;
		};
		BED655C927B4C92B00AF0471 /* Debug */ = {
			isa = XCBuildConfiguration;
			buildSettings = {
				CODE_SIGN_STYLE = Automatic;
				CURRENT_PROJECT_VERSION = 1;
				DEVELOPMENT_TEAM = 9L72R3R592;
				MARKETING_VERSION = 1.0;
				PRODUCT_BUNDLE_IDENTIFIER = com.prabhatgaurav.Pokemon;
				PRODUCT_NAME = "$(TARGET_NAME)";
				SWIFT_VERSION = 5.0;
			};
			name = Debug;
		};
		BED655CA27B4C92B00AF0471 /* Release */ = {
			isa = XCBuildConfiguration;
			buildSettings = {
				CODE_SIGN_STYLE = Automatic;
				CURRENT_PROJECT_VERSION = 1;
				DEVELOPMENT_TEAM = 9L72R3R592;
				MARKETING_VERSION = 1.0;
				PRODUCT_BUNDLE_IDENTIFIER = com.prabhatgaurav.Pokemon;
				PRODUCT_NAME = "$(TARGET_NAME)";
				SWIFT_VERSION = 5.0;
			};
			name = Release;
		};
/* End XCBuildConfiguration section */

/* Begin XCConfigurationList section */
		BED6559527B4C91400AF0471 /* Build configuration list for PBXProject "Pokemon" */ = {
			isa = XCConfigurationList;
			buildConfigurations = (
				BED655BE27B4C92B00AF0471 /* Debug */,
				BED655BF27B4C92B00AF0471 /* Release */,
			);
			defaultConfigurationIsVisible = 0;
			defaultConfigurationName = Release;
		};
		BED655C027B4C92B00AF0471 /* Build configuration list for PBXNativeTarget "Pokemon WatchKit Extension" */ = {
			isa = XCConfigurationList;
			buildConfigurations = (
				BED655C127B4C92B00AF0471 /* Debug */,
				BED655C227B4C92B00AF0471 /* Release */,
			);
			defaultConfigurationIsVisible = 0;
			defaultConfigurationName = Release;
		};
		BED655C427B4C92B00AF0471 /* Build configuration list for PBXNativeTarget "Pokemon WatchKit App" */ = {
			isa = XCConfigurationList;
			buildConfigurations = (
				BED655C527B4C92B00AF0471 /* Debug */,
				BED655C627B4C92B00AF0471 /* Release */,
			);
			defaultConfigurationIsVisible = 0;
			defaultConfigurationName = Release;
		};
		BED655C827B4C92B00AF0471 /* Build configuration list for PBXNativeTarget "Pokemon" */ = {
			isa = XCConfigurationList;
			buildConfigurations = (
				BED655C927B4C92B00AF0471 /* Debug */,
				BED655CA27B4C92B00AF0471 /* Release */,
			);
			defaultConfigurationIsVisible = 0;
			defaultConfigurationName = Release;
		};
/* End XCConfigurationList section */
	};
	rootObject = BED6559227B4C91400AF0471 /* Project object */;
}
